// !$*UTF8*$!
{
	archiveVersion = 1;
	classes = {
	};
	objectVersion = 46;
	objects = {

/* Begin PBXBuildFile section */
		070963F91B44AF5D000D96CA /* NowPlayingController.m in Sources */ = {isa = PBXBuildFile; fileRef = 070963F81B44AF5D000D96CA /* NowPlayingController.m */; };
		072229A71B41F04A000EA416 /* CoreLocation.framework in Frameworks */ = {isa = PBXBuildFile; fileRef = 072229A61B41F04A000EA416 /* CoreLocation.framework */; };
		074550B61B4CA37400A7E705 /* Images.xcassets in Resources */ = {isa = PBXBuildFile; fileRef = 83EC54C61898DD3600EA1765 /* Images.xcassets */; };
		074550B91B4CA43B00A7E705 /* Main.storyboard in Resources */ = {isa = PBXBuildFile; fileRef = 83EC54C01898DD3600EA1765 /* Main.storyboard */; };
		07E52B721B54721200C06F0C /* ItemCell.m in Sources */ = {isa = PBXBuildFile; fileRef = 8391CE4D189A4D4F0072A2D3 /* ItemCell.m */; };
		07E551E21B6056CB00419877 /* Eiffel 65 - I'm blue with lyrics.mp3 in Resources */ = {isa = PBXBuildFile; fileRef = 07E551E11B6056CB00419877 /* Eiffel 65 - I'm blue with lyrics.mp3 */; };
		07F0F9D41B61B0F000804AB2 /* DataItem.m in Sources */ = {isa = PBXBuildFile; fileRef = 07F0F9CD1B61B0F000804AB2 /* DataItem.m */; };
		07F0F9D51B61B0F000804AB2 /* LinearRegression.m in Sources */ = {isa = PBXBuildFile; fileRef = 07F0F9D01B61B0F000804AB2 /* LinearRegression.m */; };
		07F0F9D61B61B0F000804AB2 /* README.markdown in Sources */ = {isa = PBXBuildFile; fileRef = 07F0F9D11B61B0F000804AB2 /* README.markdown */; };
		07F0F9D71B61B0F000804AB2 /* RegressionResult.m in Sources */ = {isa = PBXBuildFile; fileRef = 07F0F9D31B61B0F000804AB2 /* RegressionResult.m */; };
		07FBD35D1B43417700339205 /* libHKWirelessHD.a in Frameworks */ = {isa = PBXBuildFile; fileRef = 07FBD35C1B43417700339205 /* libHKWirelessHD.a */; settings = {ATTRIBUTES = (Required, ); }; };
		07FBD35F1B43463B00339205 /* libz.dylib in Frameworks */ = {isa = PBXBuildFile; fileRef = 07FBD35E1B43463B00339205 /* libz.dylib */; };
		07FBD3611B43464900339205 /* libbz2.dylib in Frameworks */ = {isa = PBXBuildFile; fileRef = 07FBD3601B43464900339205 /* libbz2.dylib */; };
		83EC54AF1898DD3600EA1765 /* Foundation.framework in Frameworks */ = {isa = PBXBuildFile; fileRef = 83EC54AE1898DD3600EA1765 /* Foundation.framework */; };
		83EC54B11898DD3600EA1765 /* CoreGraphics.framework in Frameworks */ = {isa = PBXBuildFile; fileRef = 83EC54B01898DD3600EA1765 /* CoreGraphics.framework */; };
		83EC54B31898DD3600EA1765 /* UIKit.framework in Frameworks */ = {isa = PBXBuildFile; fileRef = 83EC54B21898DD3600EA1765 /* UIKit.framework */; };
		83EC54BB1898DD3600EA1765 /* main.m in Sources */ = {isa = PBXBuildFile; fileRef = 83EC54BA1898DD3600EA1765 /* main.m */; };
		83EC54BF1898DD3600EA1765 /* RWTAppDelegate.m in Sources */ = {isa = PBXBuildFile; fileRef = 83EC54BE1898DD3600EA1765 /* RWTAppDelegate.m */; };
		83EC54C51898DD3600EA1765 /* RWTItemsViewController.m in Sources */ = {isa = PBXBuildFile; fileRef = 83EC54C41898DD3600EA1765 /* RWTItemsViewController.m */; };
		83EC54CE1898DD3600EA1765 /* XCTest.framework in Frameworks */ = {isa = PBXBuildFile; fileRef = 83EC54CD1898DD3600EA1765 /* XCTest.framework */; };
		83EC54CF1898DD3600EA1765 /* Foundation.framework in Frameworks */ = {isa = PBXBuildFile; fileRef = 83EC54AE1898DD3600EA1765 /* Foundation.framework */; };
		83EC54D01898DD3600EA1765 /* UIKit.framework in Frameworks */ = {isa = PBXBuildFile; fileRef = 83EC54B21898DD3600EA1765 /* UIKit.framework */; };
		83EC54D81898DD3600EA1765 /* InfoPlist.strings in Resources */ = {isa = PBXBuildFile; fileRef = 83EC54D61898DD3600EA1765 /* InfoPlist.strings */; };
		83EC54DA1898DD3600EA1765 /* ForgetMeNotTests.m in Sources */ = {isa = PBXBuildFile; fileRef = 83EC54D91898DD3600EA1765 /* ForgetMeNotTests.m */; };
		83EC54E81898E05E00EA1765 /* RWTAddItemViewController.m in Sources */ = {isa = PBXBuildFile; fileRef = 83EC54E71898E05E00EA1765 /* RWTAddItemViewController.m */; };
		83EC54EB1898E13900EA1765 /* RWTItem.m in Sources */ = {isa = PBXBuildFile; fileRef = 83EC54EA1898E13900EA1765 /* RWTItem.m */; };
/* End PBXBuildFile section */

/* Begin PBXContainerItemProxy section */
		83EC54D11898DD3600EA1765 /* PBXContainerItemProxy */ = {
			isa = PBXContainerItemProxy;
			containerPortal = 83EC54A31898DD3600EA1765 /* Project object */;
			proxyType = 1;
			remoteGlobalIDString = 83EC54AA1898DD3600EA1765;
			remoteInfo = ForgetMeNot;
		};
/* End PBXContainerItemProxy section */

/* Begin PBXFileReference section */
		070963F81B44AF5D000D96CA /* NowPlayingController.m */ = {isa = PBXFileReference; fileEncoding = 4; lastKnownFileType = sourcecode.c.objc; path = NowPlayingController.m; sourceTree = "<group>"; };
		070963FA1B44AF6F000D96CA /* NowPlayingController.h */ = {isa = PBXFileReference; lastKnownFileType = sourcecode.c.h; path = NowPlayingController.h; sourceTree = "<group>"; };
		072229A61B41F04A000EA416 /* CoreLocation.framework */ = {isa = PBXFileReference; lastKnownFileType = wrapper.framework; name = CoreLocation.framework; path = System/Library/Frameworks/CoreLocation.framework; sourceTree = SDKROOT; };
		07E551E11B6056CB00419877 /* Eiffel 65 - I'm blue with lyrics.mp3 */ = {isa = PBXFileReference; lastKnownFileType = audio.mp3; path = "Eiffel 65 - I'm blue with lyrics.mp3"; sourceTree = "<group>"; };
		07EDBF041B4B01560072219E /* ForgetMeNot.xcodeproj */ = {isa = PBXFileReference; lastKnownFileType = "wrapper.pb-project"; path = ForgetMeNot.xcodeproj; sourceTree = "<group>"; };
		07F0F9CC1B61B0F000804AB2 /* DataItem.h */ = {isa = PBXFileReference; fileEncoding = 4; lastKnownFileType = sourcecode.c.h; path = DataItem.h; sourceTree = "<group>"; };
		07F0F9CD1B61B0F000804AB2 /* DataItem.m */ = {isa = PBXFileReference; fileEncoding = 4; lastKnownFileType = sourcecode.c.objc; path = DataItem.m; sourceTree = "<group>"; };
		07F0F9CE1B61B0F000804AB2 /* LinearRegression-Prefix.pch */ = {isa = PBXFileReference; fileEncoding = 4; lastKnownFileType = sourcecode.c.h; path = "LinearRegression-Prefix.pch"; sourceTree = "<group>"; };
		07F0F9CF1B61B0F000804AB2 /* LinearRegression.h */ = {isa = PBXFileReference; fileEncoding = 4; lastKnownFileType = sourcecode.c.h; path = LinearRegression.h; sourceTree = "<group>"; };
		07F0F9D01B61B0F000804AB2 /* LinearRegression.m */ = {isa = PBXFileReference; fileEncoding = 4; lastKnownFileType = sourcecode.c.objc; path = LinearRegression.m; sourceTree = "<group>"; };
		07F0F9D11B61B0F000804AB2 /* README.markdown */ = {isa = PBXFileReference; fileEncoding = 4; lastKnownFileType = net.daringfireball.markdown; path = README.markdown; sourceTree = "<group>"; };
		07F0F9D21B61B0F000804AB2 /* RegressionResult.h */ = {isa = PBXFileReference; fileEncoding = 4; lastKnownFileType = sourcecode.c.h; path = RegressionResult.h; sourceTree = "<group>"; };
		07F0F9D31B61B0F000804AB2 /* RegressionResult.m */ = {isa = PBXFileReference; fileEncoding = 4; lastKnownFileType = sourcecode.c.objc; path = RegressionResult.m; sourceTree = "<group>"; };
		07FBD35C1B43417700339205 /* libHKWirelessHD.a */ = {isa = PBXFileReference; lastKnownFileType = archive.ar; name = libHKWirelessHD.a; path = ForgetMeNot/HKWirelessHDSDK/lib/libHKWirelessHD.a; sourceTree = "<group>"; };
		07FBD35E1B43463B00339205 /* libz.dylib */ = {isa = PBXFileReference; lastKnownFileType = "compiled.mach-o.dylib"; name = libz.dylib; path = usr/lib/libz.dylib; sourceTree = SDKROOT; };
		07FBD3601B43464900339205 /* libbz2.dylib */ = {isa = PBXFileReference; lastKnownFileType = "compiled.mach-o.dylib"; name = libbz2.dylib; path = usr/lib/libbz2.dylib; sourceTree = SDKROOT; };
		07FBD3641B43493F00339205 /* DeviceGroup.h */ = {isa = PBXFileReference; fileEncoding = 4; lastKnownFileType = sourcecode.c.h; path = DeviceGroup.h; sourceTree = "<group>"; };
		07FBD3651B43493F00339205 /* DeviceInfo.h */ = {isa = PBXFileReference; fileEncoding = 4; lastKnownFileType = sourcecode.c.h; path = DeviceInfo.h; sourceTree = "<group>"; };
		07FBD3661B43493F00339205 /* HKWControlHandler.h */ = {isa = PBXFileReference; fileEncoding = 4; lastKnownFileType = sourcecode.c.h; path = HKWControlHandler.h; sourceTree = "<group>"; };
		07FBD3671B43493F00339205 /* HKWDeviceEventHandlerSingleton.h */ = {isa = PBXFileReference; fileEncoding = 4; lastKnownFileType = sourcecode.c.h; path = HKWDeviceEventHandlerSingleton.h; sourceTree = "<group>"; };
		07FBD3681B43493F00339205 /* HKWPlayerEventHandlerSingleton.h */ = {isa = PBXFileReference; fileEncoding = 4; lastKnownFileType = sourcecode.c.h; path = HKWPlayerEventHandlerSingleton.h; sourceTree = "<group>"; };
		07FBD36A1B43493F00339205 /* libHKWirelessHD.a */ = {isa = PBXFileReference; lastKnownFileType = archive.ar; path = libHKWirelessHD.a; sourceTree = "<group>"; };
		8391CE4C189A4D4F0072A2D3 /* ItemCell.h */ = {isa = PBXFileReference; fileEncoding = 4; lastKnownFileType = sourcecode.c.h; path = ItemCell.h; sourceTree = "<group>"; };
		8391CE4D189A4D4F0072A2D3 /* ItemCell.m */ = {isa = PBXFileReference; fileEncoding = 4; lastKnownFileType = sourcecode.c.objc; path = ItemCell.m; sourceTree = "<group>"; };
		83EC54AB1898DD3600EA1765 /* SuperOMNI.app */ = {isa = PBXFileReference; explicitFileType = wrapper.application; includeInIndex = 0; path = SuperOMNI.app; sourceTree = BUILT_PRODUCTS_DIR; };
		83EC54AE1898DD3600EA1765 /* Foundation.framework */ = {isa = PBXFileReference; lastKnownFileType = wrapper.framework; name = Foundation.framework; path = System/Library/Frameworks/Foundation.framework; sourceTree = SDKROOT; };
		83EC54B01898DD3600EA1765 /* CoreGraphics.framework */ = {isa = PBXFileReference; lastKnownFileType = wrapper.framework; name = CoreGraphics.framework; path = System/Library/Frameworks/CoreGraphics.framework; sourceTree = SDKROOT; };
		83EC54B21898DD3600EA1765 /* UIKit.framework */ = {isa = PBXFileReference; lastKnownFileType = wrapper.framework; name = UIKit.framework; path = System/Library/Frameworks/UIKit.framework; sourceTree = SDKROOT; };
		83EC54B61898DD3600EA1765 /* SuperOMNI-Info.plist */ = {isa = PBXFileReference; lastKnownFileType = text.plist.xml; path = "SuperOMNI-Info.plist"; sourceTree = "<group>"; };
		83EC54B81898DD3600EA1765 /* en */ = {isa = PBXFileReference; lastKnownFileType = text.plist.strings; name = en; path = en.lproj/InfoPlist.strings; sourceTree = "<group>"; };
		83EC54BA1898DD3600EA1765 /* main.m */ = {isa = PBXFileReference; lastKnownFileType = sourcecode.c.objc; path = main.m; sourceTree = "<group>"; };
		83EC54BC1898DD3600EA1765 /* SuperOMNI-Prefix.pch */ = {isa = PBXFileReference; lastKnownFileType = sourcecode.c.h; path = "SuperOMNI-Prefix.pch"; sourceTree = "<group>"; };
		83EC54BD1898DD3600EA1765 /* RWTAppDelegate.h */ = {isa = PBXFileReference; lastKnownFileType = sourcecode.c.h; path = RWTAppDelegate.h; sourceTree = "<group>"; };
		83EC54BE1898DD3600EA1765 /* RWTAppDelegate.m */ = {isa = PBXFileReference; lastKnownFileType = sourcecode.c.objc; path = RWTAppDelegate.m; sourceTree = "<group>"; };
		83EC54C11898DD3600EA1765 /* Base */ = {isa = PBXFileReference; lastKnownFileType = file.storyboard; name = Base; path = Base.lproj/Main.storyboard; sourceTree = "<group>"; };
		83EC54C31898DD3600EA1765 /* RWTItemsViewController.h */ = {isa = PBXFileReference; lastKnownFileType = sourcecode.c.h; path = RWTItemsViewController.h; sourceTree = "<group>"; };
		83EC54C41898DD3600EA1765 /* RWTItemsViewController.m */ = {isa = PBXFileReference; lastKnownFileType = sourcecode.c.objc; path = RWTItemsViewController.m; sourceTree = "<group>"; };
		83EC54C61898DD3600EA1765 /* Images.xcassets */ = {isa = PBXFileReference; lastKnownFileType = folder.assetcatalog; path = Images.xcassets; sourceTree = "<group>"; };
		83EC54CC1898DD3600EA1765 /* SuperOMNITests.xctest */ = {isa = PBXFileReference; explicitFileType = wrapper.cfbundle; includeInIndex = 0; path = SuperOMNITests.xctest; sourceTree = BUILT_PRODUCTS_DIR; };
		83EC54CD1898DD3600EA1765 /* XCTest.framework */ = {isa = PBXFileReference; lastKnownFileType = wrapper.framework; name = XCTest.framework; path = Library/Frameworks/XCTest.framework; sourceTree = DEVELOPER_DIR; };
		83EC54D51898DD3600EA1765 /* SuperOMNITests-Info.plist */ = {isa = PBXFileReference; lastKnownFileType = text.plist.xml; path = "SuperOMNITests-Info.plist"; sourceTree = "<group>"; };
		83EC54D71898DD3600EA1765 /* en */ = {isa = PBXFileReference; lastKnownFileType = text.plist.strings; name = en; path = en.lproj/InfoPlist.strings; sourceTree = "<group>"; };
		83EC54D91898DD3600EA1765 /* ForgetMeNotTests.m */ = {isa = PBXFileReference; lastKnownFileType = sourcecode.c.objc; path = ForgetMeNotTests.m; sourceTree = "<group>"; };
		83EC54E61898E05E00EA1765 /* RWTAddItemViewController.h */ = {isa = PBXFileReference; fileEncoding = 4; lastKnownFileType = sourcecode.c.h; path = RWTAddItemViewController.h; sourceTree = "<group>"; };
		83EC54E71898E05E00EA1765 /* RWTAddItemViewController.m */ = {isa = PBXFileReference; fileEncoding = 4; lastKnownFileType = sourcecode.c.objc; path = RWTAddItemViewController.m; sourceTree = "<group>"; };
		83EC54E91898E13900EA1765 /* RWTItem.h */ = {isa = PBXFileReference; fileEncoding = 4; lastKnownFileType = sourcecode.c.h; path = RWTItem.h; sourceTree = "<group>"; };
		83EC54EA1898E13900EA1765 /* RWTItem.m */ = {isa = PBXFileReference; fileEncoding = 4; lastKnownFileType = sourcecode.c.objc; path = RWTItem.m; sourceTree = "<group>"; };
/* End PBXFileReference section */

/* Begin PBXFrameworksBuildPhase section */
		83EC54A81898DD3600EA1765 /* Frameworks */ = {
			isa = PBXFrameworksBuildPhase;
			buildActionMask = 2147483647;
			files = (
				07FBD3611B43464900339205 /* libbz2.dylib in Frameworks */,
				07FBD35D1B43417700339205 /* libHKWirelessHD.a in Frameworks */,
				07FBD35F1B43463B00339205 /* libz.dylib in Frameworks */,
				072229A71B41F04A000EA416 /* CoreLocation.framework in Frameworks */,
				83EC54B11898DD3600EA1765 /* CoreGraphics.framework in Frameworks */,
				83EC54B31898DD3600EA1765 /* UIKit.framework in Frameworks */,
				83EC54AF1898DD3600EA1765 /* Foundation.framework in Frameworks */,
			);
			runOnlyForDeploymentPostprocessing = 0;
		};
		83EC54C91898DD3600EA1765 /* Frameworks */ = {
			isa = PBXFrameworksBuildPhase;
			buildActionMask = 2147483647;
			files = (
				83EC54CE1898DD3600EA1765 /* XCTest.framework in Frameworks */,
				83EC54D01898DD3600EA1765 /* UIKit.framework in Frameworks */,
				83EC54CF1898DD3600EA1765 /* Foundation.framework in Frameworks */,
			);
			runOnlyForDeploymentPostprocessing = 0;
		};
/* End PBXFrameworksBuildPhase section */

/* Begin PBXGroup section */
		076F6C781B8688E00061B347 /* VCs */ = {
			isa = PBXGroup;
			children = (
				83EC54E61898E05E00EA1765 /* RWTAddItemViewController.h */,
				83EC54E71898E05E00EA1765 /* RWTAddItemViewController.m */,
				83EC54C31898DD3600EA1765 /* RWTItemsViewController.h */,
				83EC54C41898DD3600EA1765 /* RWTItemsViewController.m */,
				070963FA1B44AF6F000D96CA /* NowPlayingController.h */,
				070963F81B44AF5D000D96CA /* NowPlayingController.m */,
			);
			name = VCs;
			sourceTree = "<group>";
		};
		076F6C791B8688FF0061B347 /* Support Code */ = {
			isa = PBXGroup;
			children = (
				83EC54BA1898DD3600EA1765 /* main.m */,
				83EC54B71898DD3600EA1765 /* InfoPlist.strings */,
				83EC54BC1898DD3600EA1765 /* SuperOMNI-Prefix.pch */,
				83EC54B61898DD3600EA1765 /* SuperOMNI-Info.plist */,
			);
			name = "Support Code";
			sourceTree = "<group>";
		};
		076F6C7A1B86892F0061B347 /* Objects */ = {
			isa = PBXGroup;
			children = (
				8391CE4C189A4D4F0072A2D3 /* ItemCell.h */,
				8391CE4D189A4D4F0072A2D3 /* ItemCell.m */,
				83EC54E91898E13900EA1765 /* RWTItem.h */,
				83EC54EA1898E13900EA1765 /* RWTItem.m */,
			);
			name = Objects;
			sourceTree = "<group>";
		};
		07EDBF051B4B01560072219E /* Products */ = {
			isa = PBXGroup;
			name = Products;
			sourceTree = "<group>";
		};
		07F0F9CB1B61B0F000804AB2 /* LinearRegression */ = {
			isa = PBXGroup;
			children = (
				07F0F9CC1B61B0F000804AB2 /* DataItem.h */,
				07F0F9CD1B61B0F000804AB2 /* DataItem.m */,
				07F0F9CE1B61B0F000804AB2 /* LinearRegression-Prefix.pch */,
				07F0F9CF1B61B0F000804AB2 /* LinearRegression.h */,
				07F0F9D01B61B0F000804AB2 /* LinearRegression.m */,
				07F0F9D11B61B0F000804AB2 /* README.markdown */,
				07F0F9D21B61B0F000804AB2 /* RegressionResult.h */,
				07F0F9D31B61B0F000804AB2 /* RegressionResult.m */,
			);
			path = LinearRegression;
			sourceTree = "<group>";
		};
		07FBD3621B43493F00339205 /* HKWirelessHDSDK */ = {
			isa = PBXGroup;
			children = (
				07FBD3631B43493F00339205 /* include */,
				07FBD3691B43493F00339205 /* lib */,
			);
			name = HKWirelessHDSDK;
			path = ForgetMeNot/HKWirelessHDSDK;
			sourceTree = "<group>";
		};
		07FBD3631B43493F00339205 /* include */ = {
			isa = PBXGroup;
			children = (
				07FBD3641B43493F00339205 /* DeviceGroup.h */,
				07FBD3651B43493F00339205 /* DeviceInfo.h */,
				07FBD3661B43493F00339205 /* HKWControlHandler.h */,
				07FBD3671B43493F00339205 /* HKWDeviceEventHandlerSingleton.h */,
				07FBD3681B43493F00339205 /* HKWPlayerEventHandlerSingleton.h */,
			);
			path = include;
			sourceTree = "<group>";
		};
		07FBD3691B43493F00339205 /* lib */ = {
			isa = PBXGroup;
			children = (
				07FBD36A1B43493F00339205 /* libHKWirelessHD.a */,
			);
			path = lib;
			sourceTree = "<group>";
		};
		83EC54A21898DD3600EA1765 = {
			isa = PBXGroup;
			children = (
				07F0F9CB1B61B0F000804AB2 /* LinearRegression */,
				07FBD3621B43493F00339205 /* HKWirelessHDSDK */,
				83EC54B41898DD3600EA1765 /* SuperOMNI */,
				83EC54D31898DD3600EA1765 /* SuperOMNITests */,
				83EC54AD1898DD3600EA1765 /* Frameworks */,
				83EC54AC1898DD3600EA1765 /* Products */,
			);
			sourceTree = "<group>";
		};
		83EC54AC1898DD3600EA1765 /* Products */ = {
			isa = PBXGroup;
			children = (
				83EC54AB1898DD3600EA1765 /* SuperOMNI.app */,
				83EC54CC1898DD3600EA1765 /* SuperOMNITests.xctest */,
			);
			name = Products;
			sourceTree = "<group>";
		};
		83EC54AD1898DD3600EA1765 /* Frameworks */ = {
			isa = PBXGroup;
			children = (
				07EDBF041B4B01560072219E /* ForgetMeNot.xcodeproj */,
				07FBD3601B43464900339205 /* libbz2.dylib */,
				07FBD35E1B43463B00339205 /* libz.dylib */,
				07FBD35C1B43417700339205 /* libHKWirelessHD.a */,
				072229A61B41F04A000EA416 /* CoreLocation.framework */,
				83EC54AE1898DD3600EA1765 /* Foundation.framework */,
				83EC54B01898DD3600EA1765 /* CoreGraphics.framework */,
				83EC54B21898DD3600EA1765 /* UIKit.framework */,
				83EC54CD1898DD3600EA1765 /* XCTest.framework */,
			);
			name = Frameworks;
			sourceTree = "<group>";
		};
		83EC54B41898DD3600EA1765 /* SuperOMNI */ = {
			isa = PBXGroup;
			children = (
				83EC54C61898DD3600EA1765 /* Images.xcassets */,
				83EC54C01898DD3600EA1765 /* Main.storyboard */,
				83EC54BD1898DD3600EA1765 /* RWTAppDelegate.h */,
				83EC54BE1898DD3600EA1765 /* RWTAppDelegate.m */,
				076F6C781B8688E00061B347 /* VCs */,
				076F6C7A1B86892F0061B347 /* Objects */,
				83EC54B51898DD3600EA1765 /* Supporting Files */,
			);
			name = SuperOMNI;
			path = ForgetMeNot;
			sourceTree = "<group>";
		};
		83EC54B51898DD3600EA1765 /* Supporting Files */ = {
			isa = PBXGroup;
			children = (
				076F6C791B8688FF0061B347 /* Support Code */,
				07E551E11B6056CB00419877 /* Eiffel 65 - I'm blue with lyrics.mp3 */,
			);
			name = "Supporting Files";
			sourceTree = "<group>";
		};
		83EC54D31898DD3600EA1765 /* SuperOMNITests */ = {
			isa = PBXGroup;
			children = (
				83EC54D91898DD3600EA1765 /* ForgetMeNotTests.m */,
				83EC54D41898DD3600EA1765 /* Supporting Files */,
			);
			name = SuperOMNITests;
			path = ForgetMeNotTests;
			sourceTree = "<group>";
		};
		83EC54D41898DD3600EA1765 /* Supporting Files */ = {
			isa = PBXGroup;
			children = (
				83EC54D51898DD3600EA1765 /* SuperOMNITests-Info.plist */,
				83EC54D61898DD3600EA1765 /* InfoPlist.strings */,
			);
			name = "Supporting Files";
			sourceTree = "<group>";
		};
/* End PBXGroup section */

/* Begin PBXNativeTarget section */
		83EC54AA1898DD3600EA1765 /* SuperOMNI */ = {
			isa = PBXNativeTarget;
			buildConfigurationList = 83EC54DD1898DD3600EA1765 /* Build configuration list for PBXNativeTarget "SuperOMNI" */;
			buildPhases = (
				83EC54A71898DD3600EA1765 /* Sources */,
				83EC54A81898DD3600EA1765 /* Frameworks */,
				83EC54A91898DD3600EA1765 /* Resources */,
			);
			buildRules = (
			);
			dependencies = (
			);
			name = SuperOMNI;
			productName = ForgetMeNot;
			productReference = 83EC54AB1898DD3600EA1765 /* SuperOMNI.app */;
			productType = "com.apple.product-type.application";
		};
		83EC54CB1898DD3600EA1765 /* SuperOMNITests */ = {
			isa = PBXNativeTarget;
			buildConfigurationList = 83EC54E01898DD3600EA1765 /* Build configuration list for PBXNativeTarget "SuperOMNITests" */;
			buildPhases = (
				83EC54C81898DD3600EA1765 /* Sources */,
				83EC54C91898DD3600EA1765 /* Frameworks */,
				83EC54CA1898DD3600EA1765 /* Resources */,
			);
			buildRules = (
			);
			dependencies = (
				83EC54D21898DD3600EA1765 /* PBXTargetDependency */,
			);
			name = SuperOMNITests;
			productName = ForgetMeNotTests;
			productReference = 83EC54CC1898DD3600EA1765 /* SuperOMNITests.xctest */;
			productType = "com.apple.product-type.bundle.unit-test";
		};
/* End PBXNativeTarget section */

/* Begin PBXProject section */
		83EC54A31898DD3600EA1765 /* Project object */ = {
			isa = PBXProject;
			attributes = {
				CLASSPREFIX = "";
				LastUpgradeCheck = 0640;
				ORGANIZATIONNAME = "Harman International";
				TargetAttributes = {
					83EC54AA1898DD3600EA1765 = {
						DevelopmentTeam = CWEESB29TK;
						SystemCapabilities = {
							com.apple.BackgroundModes = {
								enabled = 1;
							};
						};
					};
					83EC54CB1898DD3600EA1765 = {
						TestTargetID = 83EC54AA1898DD3600EA1765;
					};
				};
			};
			buildConfigurationList = 83EC54A61898DD3600EA1765 /* Build configuration list for PBXProject "SuperOMNI" */;
			compatibilityVersion = "Xcode 3.2";
			developmentRegion = English;
			hasScannedForEncodings = 0;
			knownRegions = (
				en,
				Base,
			);
			mainGroup = 83EC54A21898DD3600EA1765;
			productRefGroup = 83EC54AC1898DD3600EA1765 /* Products */;
			projectDirPath = "";
			projectReferences = (
				{
					ProductGroup = 07EDBF051B4B01560072219E /* Products */;
					ProjectRef = 07EDBF041B4B01560072219E /* ForgetMeNot.xcodeproj */;
				},
			);
			projectRoot = "";
			targets = (
				83EC54AA1898DD3600EA1765 /* SuperOMNI */,
				83EC54CB1898DD3600EA1765 /* SuperOMNITests */,
			);
		};
/* End PBXProject section */

/* Begin PBXResourcesBuildPhase section */
		83EC54A91898DD3600EA1765 /* Resources */ = {
			isa = PBXResourcesBuildPhase;
			buildActionMask = 2147483647;
			files = (
				07E551E21B6056CB00419877 /* Eiffel 65 - I'm blue with lyrics.mp3 in Resources */,
				074550B91B4CA43B00A7E705 /* Main.storyboard in Resources */,
				074550B61B4CA37400A7E705 /* Images.xcassets in Resources */,
			);
			runOnlyForDeploymentPostprocessing = 0;
		};
		83EC54CA1898DD3600EA1765 /* Resources */ = {
			isa = PBXResourcesBuildPhase;
			buildActionMask = 2147483647;
			files = (
				83EC54D81898DD3600EA1765 /* InfoPlist.strings in Resources */,
			);
			runOnlyForDeploymentPostprocessing = 0;
		};
/* End PBXResourcesBuildPhase section */

/* Begin PBXSourcesBuildPhase section */
		83EC54A71898DD3600EA1765 /* Sources */ = {
			isa = PBXSourcesBuildPhase;
			buildActionMask = 2147483647;
			files = (
				07F0F9D61B61B0F000804AB2 /* README.markdown in Sources */,
				07E52B721B54721200C06F0C /* ItemCell.m in Sources */,
				07F0F9D41B61B0F000804AB2 /* DataItem.m in Sources */,
				070963F91B44AF5D000D96CA /* NowPlayingController.m in Sources */,
				07F0F9D51B61B0F000804AB2 /* LinearRegression.m in Sources */,
				07F0F9D71B61B0F000804AB2 /* RegressionResult.m in Sources */,
				83EC54C51898DD3600EA1765 /* RWTItemsViewController.m in Sources */,
				83EC54E81898E05E00EA1765 /* RWTAddItemViewController.m in Sources */,
				83EC54EB1898E13900EA1765 /* RWTItem.m in Sources */,
				83EC54BF1898DD3600EA1765 /* RWTAppDelegate.m in Sources */,
				83EC54BB1898DD3600EA1765 /* main.m in Sources */,
			);
			runOnlyForDeploymentPostprocessing = 0;
		};
		83EC54C81898DD3600EA1765 /* Sources */ = {
			isa = PBXSourcesBuildPhase;
			buildActionMask = 2147483647;
			files = (
				83EC54DA1898DD3600EA1765 /* ForgetMeNotTests.m in Sources */,
			);
			runOnlyForDeploymentPostprocessing = 0;
		};
/* End PBXSourcesBuildPhase section */

/* Begin PBXTargetDependency section */
		83EC54D21898DD3600EA1765 /* PBXTargetDependency */ = {
			isa = PBXTargetDependency;
			target = 83EC54AA1898DD3600EA1765 /* SuperOMNI */;
			targetProxy = 83EC54D11898DD3600EA1765 /* PBXContainerItemProxy */;
		};
/* End PBXTargetDependency section */

/* Begin PBXVariantGroup section */
		83EC54B71898DD3600EA1765 /* InfoPlist.strings */ = {
			isa = PBXVariantGroup;
			children = (
				83EC54B81898DD3600EA1765 /* en */,
			);
			name = InfoPlist.strings;
			sourceTree = "<group>";
		};
		83EC54C01898DD3600EA1765 /* Main.storyboard */ = {
			isa = PBXVariantGroup;
			children = (
				83EC54C11898DD3600EA1765 /* Base */,
			);
			name = Main.storyboard;
			sourceTree = "<group>";
		};
		83EC54D61898DD3600EA1765 /* InfoPlist.strings */ = {
			isa = PBXVariantGroup;
			children = (
				83EC54D71898DD3600EA1765 /* en */,
			);
			name = InfoPlist.strings;
			sourceTree = "<group>";
		};
/* End PBXVariantGroup section */

/* Begin XCBuildConfiguration section */
		83EC54DB1898DD3600EA1765 /* Debug */ = {
			isa = XCBuildConfiguration;
			buildSettings = {
				ALWAYS_SEARCH_USER_PATHS = NO;
				CLANG_CXX_LANGUAGE_STANDARD = "gnu++0x";
				CLANG_CXX_LIBRARY = "libc++";
				CLANG_ENABLE_MODULES = YES;
				CLANG_ENABLE_OBJC_ARC = YES;
				CLANG_WARN_BOOL_CONVERSION = YES;
				CLANG_WARN_CONSTANT_CONVERSION = YES;
				CLANG_WARN_DIRECT_OBJC_ISA_USAGE = YES_ERROR;
				CLANG_WARN_EMPTY_BODY = YES;
				CLANG_WARN_ENUM_CONVERSION = YES;
				CLANG_WARN_INT_CONVERSION = YES;
				CLANG_WARN_OBJC_ROOT_CLASS = YES_ERROR;
				CLANG_WARN__DUPLICATE_METHOD_MATCH = YES;
				"CODE_SIGN_IDENTITY[sdk=iphoneos*]" = "iPhone Developer";
				COPY_PHASE_STRIP = NO;
				GCC_C_LANGUAGE_STANDARD = gnu99;
				GCC_DYNAMIC_NO_PIC = NO;
				GCC_OPTIMIZATION_LEVEL = 0;
				GCC_PREPROCESSOR_DEFINITIONS = (
					"DEBUG=1",
					"$(inherited)",
				);
				GCC_SYMBOLS_PRIVATE_EXTERN = NO;
				GCC_WARN_64_TO_32_BIT_CONVERSION = YES;
				GCC_WARN_ABOUT_RETURN_TYPE = YES_ERROR;
				GCC_WARN_UNDECLARED_SELECTOR = YES;
				GCC_WARN_UNINITIALIZED_AUTOS = YES;
				GCC_WARN_UNUSED_FUNCTION = YES;
				GCC_WARN_UNUSED_VARIABLE = YES;
				IPHONEOS_DEPLOYMENT_TARGET = 8.3;
				ONLY_ACTIVE_ARCH = YES;
				SDKROOT = iphoneos;
			};
			name = Debug;
		};
		83EC54DC1898DD3600EA1765 /* Release */ = {
			isa = XCBuildConfiguration;
			buildSettings = {
				ALWAYS_SEARCH_USER_PATHS = NO;
				CLANG_CXX_LANGUAGE_STANDARD = "gnu++0x";
				CLANG_CXX_LIBRARY = "libc++";
				CLANG_ENABLE_MODULES = YES;
				CLANG_ENABLE_OBJC_ARC = YES;
				CLANG_WARN_BOOL_CONVERSION = YES;
				CLANG_WARN_CONSTANT_CONVERSION = YES;
				CLANG_WARN_DIRECT_OBJC_ISA_USAGE = YES_ERROR;
				CLANG_WARN_EMPTY_BODY = YES;
				CLANG_WARN_ENUM_CONVERSION = YES;
				CLANG_WARN_INT_CONVERSION = YES;
				CLANG_WARN_OBJC_ROOT_CLASS = YES_ERROR;
				CLANG_WARN__DUPLICATE_METHOD_MATCH = YES;
				"CODE_SIGN_IDENTITY[sdk=iphoneos*]" = "iPhone Developer";
				COPY_PHASE_STRIP = YES;
				ENABLE_NS_ASSERTIONS = NO;
				GCC_C_LANGUAGE_STANDARD = gnu99;
				GCC_WARN_64_TO_32_BIT_CONVERSION = YES;
				GCC_WARN_ABOUT_RETURN_TYPE = YES_ERROR;
				GCC_WARN_UNDECLARED_SELECTOR = YES;
				GCC_WARN_UNINITIALIZED_AUTOS = YES;
				GCC_WARN_UNUSED_FUNCTION = YES;
				GCC_WARN_UNUSED_VARIABLE = YES;
				IPHONEOS_DEPLOYMENT_TARGET = 8.3;
				ONLY_ACTIVE_ARCH = YES;
				SDKROOT = iphoneos;
				VALIDATE_PRODUCT = YES;
			};
			name = Release;
		};
		83EC54DE1898DD3600EA1765 /* Debug */ = {
			isa = XCBuildConfiguration;
			buildSettings = {
				ARCHS = armv7;
				ASSETCATALOG_COMPILER_APPICON_NAME = AppIcon;
				ASSETCATALOG_COMPILER_LAUNCHIMAGE_NAME = LaunchImage;
				CODE_SIGN_IDENTITY = "iPhone Developer";
				"CODE_SIGN_IDENTITY[sdk=iphoneos*]" = "iPhone Developer";
				GCC_PRECOMPILE_PREFIX_HEADER = YES;
				GCC_PREFIX_HEADER = "ForgetMeNot/SuperOMNI-Prefix.pch";
				INFOPLIST_FILE = "$(SRCROOT)/ForgetMeNot/SuperOMNI-Info.plist";
				IPHONEOS_DEPLOYMENT_TARGET = 8.4;
				LIBRARY_SEARCH_PATHS = (
					"$(inherited)",
					"$(PROJECT_DIR)/ForgetMeNot/HKWirelessHDSDK/lib",
				);
				ONLY_ACTIVE_ARCH = YES;
				OTHER_LDFLAGS = "-lstdc++";
				PRODUCT_NAME = SuperOMNI;
				PROVISIONING_PROFILE = "";
				TARGETED_DEVICE_FAMILY = 1;
				VALID_ARCHS = armv7;
				WRAPPER_EXTENSION = app;
			};
			name = Debug;
		};
		83EC54DF1898DD3600EA1765 /* Release */ = {
			isa = XCBuildConfiguration;
			buildSettings = {
				ARCHS = armv7;
				ASSETCATALOG_COMPILER_APPICON_NAME = AppIcon;
				ASSETCATALOG_COMPILER_LAUNCHIMAGE_NAME = LaunchImage;
				CODE_SIGN_IDENTITY = "iPhone Developer";
				"CODE_SIGN_IDENTITY[sdk=iphoneos*]" = "iPhone Developer";
				GCC_PRECOMPILE_PREFIX_HEADER = YES;
				GCC_PREFIX_HEADER = "ForgetMeNot/SuperOMNI-Prefix.pch";
				INFOPLIST_FILE = "$(SRCROOT)/ForgetMeNot/SuperOMNI-Info.plist";
				IPHONEOS_DEPLOYMENT_TARGET = 8.4;
				LIBRARY_SEARCH_PATHS = (
					"$(inherited)",
					"$(PROJECT_DIR)/ForgetMeNot/HKWirelessHDSDK/lib",
				);
				ONLY_ACTIVE_ARCH = NO;
				OTHER_LDFLAGS = "-lstdc++";
				PRODUCT_NAME = SuperOMNI;
				PROVISIONING_PROFILE = "";
				TARGETED_DEVICE_FAMILY = 1;
				VALID_ARCHS = armv7;
				WRAPPER_EXTENSION = app;
			};
			name = Release;
		};
		83EC54E11898DD3600EA1765 /* Debug */ = {
			isa = XCBuildConfiguration;
			buildSettings = {
				BUNDLE_LOADER = "$(BUILT_PRODUCTS_DIR)/SuperOMNI.app/SuperOMNI";
				FRAMEWORK_SEARCH_PATHS = (
					"$(SDKROOT)/Developer/Library/Frameworks",
					"$(inherited)",
					"$(DEVELOPER_FRAMEWORKS_DIR)",
				);
				GCC_PRECOMPILE_PREFIX_HEADER = YES;
				GCC_PREFIX_HEADER = "ForgetMeNot/SuperOMNI-Prefix.pch";
				GCC_PREPROCESSOR_DEFINITIONS = (
					"DEBUG=1",
					"$(inherited)",
				);
				INFOPLIST_FILE = "ForgetMeNotTests/SuperOMNITests-Info.plist";
				PRODUCT_NAME = SuperOMNITests;
				TEST_HOST = "$(BUNDLE_LOADER)";
				WRAPPER_EXTENSION = xctest;
			};
			name = Debug;
		};
		83EC54E21898DD3600EA1765 /* Release */ = {
			isa = XCBuildConfiguration;
			buildSettings = {
				BUNDLE_LOADER = "$(BUILT_PRODUCTS_DIR)/SuperOMNI.app/SuperOMNI";
				FRAMEWORK_SEARCH_PATHS = (
					"$(SDKROOT)/Developer/Library/Frameworks",
					"$(inherited)",
					"$(DEVELOPER_FRAMEWORKS_DIR)",
				);
				GCC_PRECOMPILE_PREFIX_HEADER = YES;
				GCC_PREFIX_HEADER = "ForgetMeNot/SuperOMNI-Prefix.pch";
				INFOPLIST_FILE = "ForgetMeNotTests/SuperOMNITests-Info.plist";
				PRODUCT_NAME = SuperOMNITests;
				TEST_HOST = "$(BUNDLE_LOADER)";
				WRAPPER_EXTENSION = xctest;
			};
			name = Release;
		};
/* End XCBuildConfiguration section */

/* Begin XCConfigurationList section */
		83EC54A61898DD3600EA1765 /* Build configuration list for PBXProject "SuperOMNI" */ = {
			isa = XCConfigurationList;
			buildConfigurations = (
				83EC54DB1898DD3600EA1765 /* Debug */,
				83EC54DC1898DD3600EA1765 /* Release */,
			);
			defaultConfigurationIsVisible = 0;
			defaultConfigurationName = Release;
		};
		83EC54DD1898DD3600EA1765 /* Build configuration list for PBXNativeTarget "SuperOMNI" */ = {
			isa = XCConfigurationList;
			buildConfigurations = (
				83EC54DE1898DD3600EA1765 /* Debug */,
				83EC54DF1898DD3600EA1765 /* Release */,
			);
			defaultConfigurationIsVisible = 0;
			defaultConfigurationName = Release;
		};
		83EC54E01898DD3600EA1765 /* Build configuration list for PBXNativeTarget "SuperOMNITests" */ = {
			isa = XCConfigurationList;
			buildConfigurations = (
				83EC54E11898DD3600EA1765 /* Debug */,
				83EC54E21898DD3600EA1765 /* Release */,
			);
			defaultConfigurationIsVisible = 0;
			defaultConfigurationName = Release;
		};
/* End XCConfigurationList section */
	};
	rootObject = 83EC54A31898DD3600EA1765 /* Project object */;
}
